<?xml version="1.0" encoding="utf-8"?>
<Project ToolsVersion="4.0" xmlns="http://schemas.microsoft.com/developer/msbuild/2003">
  <ItemGroup>
    <Filter Include="Resources">
      <UniqueIdentifier>{b0fc2c34-ed41-4be3-9e66-0c2612b1f50e}</UniqueIdentifier>
    </Filter>
    <Filter Include="Headers">
      <UniqueIdentifier>{2efd40d2-3f8f-4f29-991c-e192ca4313dd}</UniqueIdentifier>
    </Filter>
    <Filter Include="Sources">
      <UniqueIdentifier>{0760867f-335a-4b16-a970-9ea01f4f428d}</UniqueIdentifier>
    </Filter>
    <Filter Include="Headers\Utils">
      <UniqueIdentifier>{c9accda1-53ea-4e3e-8037-27ba3946113e}</UniqueIdentifier>
    </Filter>
    <Filter Include="Sources\Utils">
      <UniqueIdentifier>{8753d0eb-e19b-463e-ba26-5ae4096b1fbe}</UniqueIdentifier>
    </Filter>
  </ItemGroup>
  <ItemGroup>
    <ClInclude Include="include\config.h">
      <Filter>Headers</Filter>
    </ClInclude>
    <ClInclude Include="include\Utils\Logger.h">
      <Filter>Headers\Utils</Filter>
    </ClInclude>
    <ClInclude Include="include\Game.h">
      <Filter>Headers</Filter>
    </ClInclude>
  </ItemGroup>
  <ItemGroup>
    <ClCompile Include="src\main.cpp">
      <Filter>Sources</Filter>
    </ClCompile>
    <ClCompile Include="src\Utils\Logger.cpp">
      <Filter>Sources\Utils</Filter>
    </ClCompile>
    <ClCompile Include="src\Game.cpp">
      <Filter>Sources</Filter>
    </ClCompile>
  </ItemGroup>
</Project>