<?xml version="1.0" encoding="utf-8"?>
<Project ToolsVersion="4.0" xmlns="http://schemas.microsoft.com/developer/msbuild/2003">
  <ItemGroup>
    <Filter Include="Resources">
      <UniqueIdentifier>{b0fc2c34-ed41-4be3-9e66-0c2612b1f50e}</UniqueIdentifier>
      <Extensions>rc;ico;cur;bmp;dlg;rc2;rct;bin;rgs;gif;jpg;jpeg;jpe;resx;tiff;tif;png;wav;mfcribbon-ms</Extensions>
    </Filter>
    <Filter Include="Headers">
      <UniqueIdentifier>{2efd40d2-3f8f-4f29-991c-e192ca4313dd}</UniqueIdentifier>
      <Extensions>h;hh;hpp;hxx;hm;inl;inc;ipp;xsd</Extensions>
    </Filter>
    <Filter Include="Sources">
      <UniqueIdentifier>{0760867f-335a-4b16-a970-9ea01f4f428d}</UniqueIdentifier>
      <Extensions>cpp;c;cc;cxx;def;odl;idl;hpj;bat;asm;asmx</Extensions>
    </Filter>
    <Filter Include="Resources\Libraries">
      <UniqueIdentifier>{bfcfad16-1691-4ead-9e3f-35bf52ec4e5a}</UniqueIdentifier>
    </Filter>
  </ItemGroup>
  <ItemGroup>
    <ClInclude Include="Logger.h">
      <Filter>Headers</Filter>
    </ClInclude>
    <ClInclude Include="Window.h">
      <Filter>Headers</Filter>
    </ClInclude>
    <ClInclude Include="ConfigLoader.h">
      <Filter>Headers</Filter>
    </ClInclude>
    <ClInclude Include="resource.h">
      <Filter>Headers</Filter>
    </ClInclude>
    <ClInclude Include="Utilities.h">
      <Filter>Headers</Filter>
    </ClInclude>
    <ClInclude Include="MainWindow.h">
      <Filter>Headers</Filter>
    </ClInclude>
    <ClInclude Include="StatsWindow.h">
      <Filter>Headers</Filter>
    </ClInclude>
    <ClInclude Include="EventQueue.h">
      <Filter>Headers</Filter>
    </ClInclude>
  </ItemGroup>
  <ItemGroup>
    <ClCompile Include="Logger.cpp">
      <Filter>Sources</Filter>
    </ClCompile>
    <ClCompile Include="main.cpp">
      <Filter>Sources</Filter>
    </ClCompile>
    <ClCompile Include="Window.cpp">
      <Filter>Sources</Filter>
    </ClCompile>
    <ClCompile Include="ConfigLoader.cpp">
      <Filter>Sources</Filter>
    </ClCompile>
    <ClCompile Include="Utilities.cpp">
      <Filter>Sources</Filter>
    </ClCompile>
    <ClCompile Include="MainWindow.cpp">
      <Filter>Sources</Filter>
    </ClCompile>
    <ClCompile Include="StatsWindow.cpp">
      <Filter>Sources</Filter>
    </ClCompile>
    <ClCompile Include="EventQueue.cpp">
      <Filter>Sources</Filter>
    </ClCompile>
  </ItemGroup>
  <ItemGroup>
    <ResourceCompile Include="Brick.rc">
      <Filter>Resources</Filter>
    </ResourceCompile>
  </ItemGroup>
</Project>